
Microsoft Visual Studio Solution File, Format Version 12.00
# Visual Studio 15
VisualStudioVersion = 15.0.28307.421
MinimumVisualStudioVersion = 10.0.40219.1
Project("{FAE04EC0-301F-11D3-BF4B-00C04F79EFBC}") = "Lab2_CS", "Lab2_CS\Lab2_CS.csproj", "{A202D5A7-EB40-4206-9AF1-0DF31AD8B07D}"
EndProject
Global
	GlobalSection(SolutionConfigurationPlatforms) = preSolution
		Debug|Any CPU = Debug|Any CPU
		Release|Any CPU = Release|Any CPU
	EndGlobalSection
	GlobalSection(ProjectConfigurationPlatforms) = postSolution
		{A202D5A7-EB40-4206-9AF1-0DF31AD8B07D}.Debug|Any CPU.ActiveCfg = Debug|Any CPU
		{A202D5A7-EB40-4206-9AF1-0DF31AD8B07D}.Debug|Any CPU.Build.0 = Debug|Any CPU
		{A202D5A7-EB40-4206-9AF1-0DF31AD8B07D}.Release|Any CPU.ActiveCfg = Release|Any CPU
		{A202D5A7-EB40-4206-9AF1-0DF31AD8B07D}.Release|Any CPU.Build.0 = Release|Any CPU
	EndGlobalSection
	GlobalSection(SolutionProperties) = preSolution
		HideSolutionNode = FALSE
	EndGlobalSection
	GlobalSection(ExtensibilityGlobals) = postSolution
		SolutionGuid = {ECBB64BA-CEC2-47BE-B23F-BB642465C7C4}
	EndGlobalSection
EndGlobal
