
Microsoft Visual Studio Solution File, Format Version 12.00
# Visual Studio 15
VisualStudioVersion = 15.0.28307.421
MinimumVisualStudioVersion = 10.0.40219.1
Project("{FAE04EC0-301F-11D3-BF4B-00C04F79EFBC}") = "Lab6", "Lab6\Lab6.csproj", "{6DFC7AB6-C310-4C6C-BBA0-0EC1FE717977}"
EndProject
Global
	GlobalSection(SolutionConfigurationPlatforms) = preSolution
		Debug|Any CPU = Debug|Any CPU
		Release|Any CPU = Release|Any CPU
	EndGlobalSection
	GlobalSection(ProjectConfigurationPlatforms) = postSolution
		{6DFC7AB6-C310-4C6C-BBA0-0EC1FE717977}.Debug|Any CPU.ActiveCfg = Debug|Any CPU
		{6DFC7AB6-C310-4C6C-BBA0-0EC1FE717977}.Debug|Any CPU.Build.0 = Debug|Any CPU
		{6DFC7AB6-C310-4C6C-BBA0-0EC1FE717977}.Release|Any CPU.ActiveCfg = Release|Any CPU
		{6DFC7AB6-C310-4C6C-BBA0-0EC1FE717977}.Release|Any CPU.Build.0 = Release|Any CPU
	EndGlobalSection
	GlobalSection(SolutionProperties) = preSolution
		HideSolutionNode = FALSE
	EndGlobalSection
	GlobalSection(ExtensibilityGlobals) = postSolution
		SolutionGuid = {AC9A39FE-29F5-405E-8D23-3DBE39E9FD1D}
	EndGlobalSection
EndGlobal
